
Microsoft Visual Studio Solution File, Format Version 12.00
# Visual Studio Version 17
VisualStudioVersion = 17.8.34330.188
MinimumVisualStudioVersion = 10.0.40219.1
Project("{FAE04EC0-301F-11D3-BF4B-00C04F79EFBC}") = "Project", "Project\Project.csproj", "{E8BEA5FE-4D27-42BD-A1F3-B80ACB2648A5}"
EndProject
Global
	GlobalSection(SolutionConfigurationPlatforms) = preSolution
		Debug|Any CPU = Debug|Any CPU
		Release|Any CPU = Release|Any CPU
	EndGlobalSection
	GlobalSection(ProjectConfigurationPlatforms) = postSolution
		{E8BEA5FE-4D27-42BD-A1F3-B80ACB2648A5}.Debug|Any CPU.ActiveCfg = Debug|Any CPU
		{E8BEA5FE-4D27-42BD-A1F3-B80ACB2648A5}.Debug|Any CPU.Build.0 = Debug|Any CPU
		{E8BEA5FE-4D27-42BD-A1F3-B80ACB2648A5}.Release|Any CPU.ActiveCfg = Release|Any CPU
		{E8BEA5FE-4D27-42BD-A1F3-B80ACB2648A5}.Release|Any CPU.Build.0 = Release|Any CPU
	EndGlobalSection
	GlobalSection(SolutionProperties) = preSolution
		HideSolutionNode = FALSE
	EndGlobalSection
	GlobalSection(ExtensibilityGlobals) = postSolution
		SolutionGuid = {A475DF63-D117-4E10-B11B-95E22412881A}
	EndGlobalSection
EndGlobal
